# @generated by Move, please check-in and do not edit manually.

[move]
version = 0

dependencies = [
  { name = "AppManager" },
  { name = "DolaTypes" },
  { name = "Governance" },
  { name = "Oracle" },
  { name = "PoolManager" },
  { name = "RayMath" },
  { name = "Serde" },
  { name = "Sui" },
  { name = "UserManager" },
  { name = "Wormhole" },
  { name = "WormholeAdapterCore" },
]

[[move.package]]
name = "AppManager"
source = { local = "../app_manager" }

dependencies = [
  { name = "Governance" },
  { name = "Serde" },
  { name = "Sui" },
]

[[move.package]]
name = "DolaTypes"
source = { local = "../dola_types" }

dependencies = [
  { name = "Serde" },
  { name = "Sui" },
]

[[move.package]]
name = "Governance"
source = { local = "../governance" }

dependencies = [
  { name = "Serde" },
  { name = "Sui" },
]

[[move.package]]
name = "MoveStdlib"
source = { git = "https://github.com/MystenLabs/sui.git", rev = "d79f1f6dec84971a95c7df663fefa13bf7fda336", subdir = "crates/sui-framework/packages/move-stdlib" }

[[move.package]]
name = "Oracle"
source = { local = "../oracle" }

dependencies = [
  { name = "Sui" },
]

[[move.package]]
name = "PoolManager"
source = { local = "../pool_manager" }

dependencies = [
  { name = "DolaTypes" },
  { name = "Governance" },
  { name = "RayMath" },
  { name = "Serde" },
  { name = "Sui" },
]

[[move.package]]
name = "RayMath"
source = { local = "../ray_math" }

dependencies = [
  { name = "Sui" },
]

[[move.package]]
name = "Serde"
source = { local = "../serde" }

dependencies = [
  { name = "Sui" },
]

[[move.package]]
name = "Sui"
source = { git = "https://github.com/MystenLabs/sui.git", rev = "d79f1f6dec84971a95c7df663fefa13bf7fda336", subdir = "crates/sui-framework/packages/sui-framework" }

dependencies = [
  { name = "MoveStdlib" },
]

[[move.package]]
name = "UserManager"
source = { local = "../user_manager" }

dependencies = [
  { name = "DolaTypes" },
  { name = "Governance" },
  { name = "Serde" },
  { name = "Sui" },
]

[[move.package]]
name = "Wormhole"
source = { git = "https://github.com/OmniBTC/wormhole.git", rev = "dcceff545df0d9dd7ce537f51373d3cc6d20d00d", subdir = "sui/wormhole" }

dependencies = [
  { name = "Sui" },
]

[[move.package]]
name = "WormholeAdapterCore"
source = { local = "../wormhole_adapter_core" }

dependencies = [
  { name = "AppManager" },
  { name = "DolaTypes" },
  { name = "Governance" },
  { name = "PoolManager" },
  { name = "Serde" },
  { name = "Sui" },
  { name = "UserManager" },
  { name = "Wormhole" },
]
