# @generated by Move, please check-in and do not edit manually.

[move]
version = 0

dependencies = [
  { name = "DolaTypes" },
  { name = "Governance" },
  { name = "RayMath" },
  { name = "Serde" },
  { name = "Sui" },
]

[[move.package]]
name = "DolaTypes"
source = { local = "../dola_types" }

dependencies = [
  { name = "Serde" },
  { name = "Sui" },
]

[[move.package]]
name = "Governance"
source = { local = "../governance" }

dependencies = [
  { name = "Sui" },
]

[[move.package]]
name = "MoveStdlib"
source = { git = "https://github.com/MystenLabs/sui.git", rev = "a63f425b9999c7fdfe483598720a9effc0acdc9e", subdir = "crates/sui-framework/packages/move-stdlib" }

[[move.package]]
name = "RayMath"
source = { local = "../ray_math" }

dependencies = [
  { name = "Sui" },
]

[[move.package]]
name = "Serde"
source = { local = "../serde" }

dependencies = [
  { name = "Sui" },
]

[[move.package]]
name = "Sui"
source = { git = "https://github.com/MystenLabs/sui.git", rev = "a63f425b9999c7fdfe483598720a9effc0acdc9e", subdir = "crates/sui-framework/packages/sui-framework" }

dependencies = [
  { name = "MoveStdlib" },
]
