# @generated by Move, please check-in and do not edit manually.

[move]
version = 0

dependencies = [
  { name = "DolaTypes" },
  { name = "Governance" },
  { name = "Serde" },
  { name = "Sui" },
]

[[move.package]]
name = "DolaTypes"
source = { local = "../dola_types" }

dependencies = [
  { name = "Serde" },
  { name = "Sui" },
]

[[move.package]]
name = "Governance"
source = { local = "../governance" }

dependencies = [
  { name = "Sui" },
]

[[move.package]]
name = "MoveStdlib"
source = { git = "https://github.com/MystenLabs/sui.git", rev = "f65b02ccc0de97e815abe0afed0ff69c4571d265", subdir = "crates/sui-framework/packages/move-stdlib" }

[[move.package]]
name = "Serde"
source = { local = "../serde" }

dependencies = [
  { name = "Sui" },
]

[[move.package]]
name = "Sui"
source = { git = "https://github.com/MystenLabs/sui.git", rev = "f65b02ccc0de97e815abe0afed0ff69c4571d265", subdir = "crates/sui-framework/packages/sui-framework" }

dependencies = [
  { name = "MoveStdlib" },
]
