# @generated by Move, please check-in and do not edit manually.

[move]
version = 0

dependencies = [
  { name = "DolaProtocol" },
  { name = "Sui" },
]

[[move.package]]
name = "DolaProtocol"
source = { local = "../../dola_protocol" }

dependencies = [
  { name = "Pyth" },
  { name = "Sui" },
  { name = "Wormhole" },
]

[[move.package]]
name = "MoveStdlib"
source = { git = "https://github.com/MystenLabs/sui.git", rev = "09b2081498366df936abae26eea4b2d5cafb2788", subdir = "crates/sui-framework/packages/move-stdlib" }

[[move.package]]
name = "Pyth"
source = { git = "https://github.com/pyth-network/pyth-crosschain.git", rev = "61c9ab5c65face02841739ee0ea7c8ee488322b5", subdir = "target_chains/sui/contracts" }

dependencies = [
  { name = "Sui" },
  { name = "Wormhole" },
]

[[move.package]]
name = "Sui"
source = { git = "https://github.com/MystenLabs/sui.git", rev = "09b2081498366df936abae26eea4b2d5cafb2788", subdir = "crates/sui-framework/packages/sui-framework" }

dependencies = [
  { name = "MoveStdlib" },
]

[[move.package]]
name = "Wormhole"
source = { git = "https://github.com/wormhole-foundation/wormhole.git", rev = "fcfe551da0f46b704b76b09ae11dca3dd9387837", subdir = "sui/wormhole" }

dependencies = [
  { name = "Sui" },
]
