# @generated by Move, please check-in and do not edit manually.

[move]
version = 0

dependencies = [
  { name = "AppManager" },
  { name = "DolaTypes" },
  { name = "Governance" },
  { name = "PoolManager" },
  { name = "Serde" },
  { name = "Sui" },
  { name = "UserManager" },
  { name = "Wormhole" },
]

[[move.package]]
name = "AppManager"
source = { local = "../app_manager" }

dependencies = [
  { name = "Governance" },
  { name = "Sui" },
]

[[move.package]]
name = "DolaTypes"
source = { local = "../dola_types" }

dependencies = [
  { name = "Serde" },
  { name = "Sui" },
]

[[move.package]]
name = "Governance"
source = { local = "../governance" }

dependencies = [
  { name = "Sui" },
]

[[move.package]]
name = "MoveStdlib"
source = { git = "https://github.com/MystenLabs/sui.git", rev = "f65b02ccc0de97e815abe0afed0ff69c4571d265", subdir = "crates/sui-framework/packages/move-stdlib" }

[[move.package]]
name = "PoolManager"
source = { local = "../pool_manager" }

dependencies = [
  { name = "DolaTypes" },
  { name = "Governance" },
  { name = "RayMath" },
  { name = "Serde" },
  { name = "Sui" },
]

[[move.package]]
name = "RayMath"
source = { local = "../ray_math" }

dependencies = [
  { name = "Sui" },
]

[[move.package]]
name = "Serde"
source = { local = "../serde" }

dependencies = [
  { name = "Sui" },
]

[[move.package]]
name = "Sui"
source = { git = "https://github.com/MystenLabs/sui.git", rev = "f65b02ccc0de97e815abe0afed0ff69c4571d265", subdir = "crates/sui-framework/packages/sui-framework" }

dependencies = [
  { name = "MoveStdlib" },
]

[[move.package]]
name = "UserManager"
source = { local = "../user_manager" }

dependencies = [
  { name = "DolaTypes" },
  { name = "Governance" },
  { name = "Serde" },
  { name = "Sui" },
]

[[move.package]]
name = "Wormhole"
source = { git = "https://github.com/OmniBTC/wormhole.git", rev = "32eba0fce9b98214a861ba29ca3590921628a3d8", subdir = "sui/wormhole" }

dependencies = [
  { name = "Sui" },
]
